// !$*UTF8*$!
{
	archiveVersion = 1;
	classes = {
	};
	objectVersion = 56;
	objects = {

/* Begin PBXBuildFile section */
		AA1764D12A31C8EC007F40E7 /* CollectionViewCell1.swift in Sources */ = {isa = PBXBuildFile; fileRef = AA1764D02A31C8EC007F40E7 /* CollectionViewCell1.swift */; };
		AA5707BD2A2EF3070074F081 /* genderTableViewCell.swift in Sources */ = {isa = PBXBuildFile; fileRef = AA5707BC2A2EF3070074F081 /* genderTableViewCell.swift */; };
		AA5707C22A2EFA9B0074F081 /* DPOTPView in Frameworks */ = {isa = PBXBuildFile; productRef = AA5707C12A2EFA9B0074F081 /* DPOTPView */; };
		AA5707C42A2EFC320074F081 /* profilePage.swift in Sources */ = {isa = PBXBuildFile; fileRef = AA5707C32A2EFC320074F081 /* profilePage.swift */; };
		AA5707C62A2F0BB00074F081 /* religionPage.swift in Sources */ = {isa = PBXBuildFile; fileRef = AA5707C52A2F0BB00074F081 /* religionPage.swift */; };
		AA59ACD72A2DA5B400BE4D32 /* googlePageTableView.swift in Sources */ = {isa = PBXBuildFile; fileRef = AA59ACD62A2DA5B400BE4D32 /* googlePageTableView.swift */; };
		AA59ACD92A2DB32000BE4D32 /* loginPage.swift in Sources */ = {isa = PBXBuildFile; fileRef = AA59ACD82A2DB32000BE4D32 /* loginPage.swift */; };
		AA812DDC2A32E47400A7B839 /* CollectionViewCell2.swift in Sources */ = {isa = PBXBuildFile; fileRef = AA812DDB2A32E47400A7B839 /* CollectionViewCell2.swift */; };
		AA812DDE2A32EC2400A7B839 /* ProfilePageTabBar.swift in Sources */ = {isa = PBXBuildFile; fileRef = AA812DDD2A32EC2400A7B839 /* ProfilePageTabBar.swift */; };
		AA812DE02A32EC4100A7B839 /* ChatPage.swift in Sources */ = {isa = PBXBuildFile; fileRef = AA812DDF2A32EC4100A7B839 /* ChatPage.swift */; };
		AA812DE22A32EC6300A7B839 /* MatchesPage.swift in Sources */ = {isa = PBXBuildFile; fileRef = AA812DE12A32EC6300A7B839 /* MatchesPage.swift */; };
		AA812DE62A32EEE200A7B839 /* TableView1.swift in Sources */ = {isa = PBXBuildFile; fileRef = AA812DE52A32EEE200A7B839 /* TableView1.swift */; };
		AA97B6D22A286ED400ADAA3E /* mobilePage.swift in Sources */ = {isa = PBXBuildFile; fileRef = AA97B6D12A286ED400ADAA3E /* mobilePage.swift */; };
		AA97B6D42A28701E00ADAA3E /* emailpagepop.swift in Sources */ = {isa = PBXBuildFile; fileRef = AA97B6D32A28701E00ADAA3E /* emailpagepop.swift */; };
		AAA51DC52A304C0D00A7B672 /* EmailPage.swift in Sources */ = {isa = PBXBuildFile; fileRef = AAA51DC42A304C0D00A7B672 /* EmailPage.swift */; };
		AAA51DC72A30593700A7B672 /* registeringPage.swift in Sources */ = {isa = PBXBuildFile; fileRef = AAA51DC62A30593700A7B672 /* registeringPage.swift */; };
		AAA5A9DB2A319E0900081510 /* createProfilePage.swift in Sources */ = {isa = PBXBuildFile; fileRef = AAA5A9DA2A319E0900081510 /* createProfilePage.swift */; };
		AAA5A9DD2A31A66500081510 /* galleryPage.swift in Sources */ = {isa = PBXBuildFile; fileRef = AAA5A9DC2A31A66500081510 /* galleryPage.swift */; };
		AAA5A9DF2A31AD8700081510 /* familyDetailPage.swift in Sources */ = {isa = PBXBuildFile; fileRef = AAA5A9DE2A31AD8700081510 /* familyDetailPage.swift */; };
		AAA5A9E12A31B3AA00081510 /* tabBar.swift in Sources */ = {isa = PBXBuildFile; fileRef = AAA5A9E02A31B3AA00081510 /* tabBar.swift */; };
		AAA5A9E32A31C0D600081510 /* HomePage.swift in Sources */ = {isa = PBXBuildFile; fileRef = AAA5A9E22A31C0D600081510 /* HomePage.swift */; };
		AAC5402D2A27220400604725 /* AppDelegate.swift in Sources */ = {isa = PBXBuildFile; fileRef = AAC5402C2A27220400604725 /* AppDelegate.swift */; };
		AAC5402F2A27220400604725 /* SceneDelegate.swift in Sources */ = {isa = PBXBuildFile; fileRef = AAC5402E2A27220400604725 /* SceneDelegate.swift */; };
		AAC540312A27220400604725 /* ViewController.swift in Sources */ = {isa = PBXBuildFile; fileRef = AAC540302A27220400604725 /* ViewController.swift */; };
		AAC540342A27220400604725 /* Main.storyboard in Resources */ = {isa = PBXBuildFile; fileRef = AAC540322A27220400604725 /* Main.storyboard */; };
		AAC540362A27220500604725 /* Assets.xcassets in Resources */ = {isa = PBXBuildFile; fileRef = AAC540352A27220500604725 /* Assets.xcassets */; };
		AAC540392A27220500604725 /* LaunchScreen.storyboard in Resources */ = {isa = PBXBuildFile; fileRef = AAC540372A27220500604725 /* LaunchScreen.storyboard */; };
		AAFB0CCF2A32FE0600CE45BE /* imageCollectionViewCell.swift in Sources */ = {isa = PBXBuildFile; fileRef = AAFB0CCE2A32FE0600CE45BE /* imageCollectionViewCell.swift */; };
/* End PBXBuildFile section */

/* Begin PBXFileReference section */
		AA1764D02A31C8EC007F40E7 /* CollectionViewCell1.swift */ = {isa = PBXFileReference; lastKnownFileType = sourcecode.swift; path = CollectionViewCell1.swift; sourceTree = "<group>"; };
		AA5707BC2A2EF3070074F081 /* genderTableViewCell.swift */ = {isa = PBXFileReference; lastKnownFileType = sourcecode.swift; path = genderTableViewCell.swift; sourceTree = "<group>"; };
		AA5707C32A2EFC320074F081 /* profilePage.swift */ = {isa = PBXFileReference; lastKnownFileType = sourcecode.swift; path = profilePage.swift; sourceTree = "<group>"; };
		AA5707C52A2F0BB00074F081 /* religionPage.swift */ = {isa = PBXFileReference; lastKnownFileType = sourcecode.swift; path = religionPage.swift; sourceTree = "<group>"; };
		AA59ACD62A2DA5B400BE4D32 /* googlePageTableView.swift */ = {isa = PBXFileReference; lastKnownFileType = sourcecode.swift; path = googlePageTableView.swift; sourceTree = "<group>"; };
		AA59ACD82A2DB32000BE4D32 /* loginPage.swift */ = {isa = PBXFileReference; lastKnownFileType = sourcecode.swift; path = loginPage.swift; sourceTree = "<group>"; };
		AA812DDB2A32E47400A7B839 /* CollectionViewCell2.swift */ = {isa = PBXFileReference; lastKnownFileType = sourcecode.swift; path = CollectionViewCell2.swift; sourceTree = "<group>"; };
		AA812DDD2A32EC2400A7B839 /* ProfilePageTabBar.swift */ = {isa = PBXFileReference; lastKnownFileType = sourcecode.swift; path = ProfilePageTabBar.swift; sourceTree = "<group>"; };
		AA812DDF2A32EC4100A7B839 /* ChatPage.swift */ = {isa = PBXFileReference; lastKnownFileType = sourcecode.swift; path = ChatPage.swift; sourceTree = "<group>"; };
		AA812DE12A32EC6300A7B839 /* MatchesPage.swift */ = {isa = PBXFileReference; lastKnownFileType = sourcecode.swift; path = MatchesPage.swift; sourceTree = "<group>"; };
		AA812DE52A32EEE200A7B839 /* TableView1.swift */ = {isa = PBXFileReference; lastKnownFileType = sourcecode.swift; path = TableView1.swift; sourceTree = "<group>"; };
		AA97B6D12A286ED400ADAA3E /* mobilePage.swift */ = {isa = PBXFileReference; lastKnownFileType = sourcecode.swift; path = mobilePage.swift; sourceTree = "<group>"; };
		AA97B6D32A28701E00ADAA3E /* emailpagepop.swift */ = {isa = PBXFileReference; lastKnownFileType = sourcecode.swift; path = emailpagepop.swift; sourceTree = "<group>"; };
		AAA51DC42A304C0D00A7B672 /* EmailPage.swift */ = {isa = PBXFileReference; lastKnownFileType = sourcecode.swift; path = EmailPage.swift; sourceTree = "<group>"; };
		AAA51DC62A30593700A7B672 /* registeringPage.swift */ = {isa = PBXFileReference; lastKnownFileType = sourcecode.swift; path = registeringPage.swift; sourceTree = "<group>"; };
		AAA5A9DA2A319E0900081510 /* createProfilePage.swift */ = {isa = PBXFileReference; lastKnownFileType = sourcecode.swift; path = createProfilePage.swift; sourceTree = "<group>"; };
		AAA5A9DC2A31A66500081510 /* galleryPage.swift */ = {isa = PBXFileReference; lastKnownFileType = sourcecode.swift; path = galleryPage.swift; sourceTree = "<group>"; };
		AAA5A9DE2A31AD8700081510 /* familyDetailPage.swift */ = {isa = PBXFileReference; lastKnownFileType = sourcecode.swift; path = familyDetailPage.swift; sourceTree = "<group>"; };
		AAA5A9E02A31B3AA00081510 /* tabBar.swift */ = {isa = PBXFileReference; lastKnownFileType = sourcecode.swift; path = tabBar.swift; sourceTree = "<group>"; };
		AAA5A9E22A31C0D600081510 /* HomePage.swift */ = {isa = PBXFileReference; lastKnownFileType = sourcecode.swift; path = HomePage.swift; sourceTree = "<group>"; };
		AAC540292A27220400604725 /* shaadi.com.app */ = {isa = PBXFileReference; explicitFileType = wrapper.application; includeInIndex = 0; path = shaadi.com.app; sourceTree = BUILT_PRODUCTS_DIR; };
		AAC5402C2A27220400604725 /* AppDelegate.swift */ = {isa = PBXFileReference; lastKnownFileType = sourcecode.swift; path = AppDelegate.swift; sourceTree = "<group>"; };
		AAC5402E2A27220400604725 /* SceneDelegate.swift */ = {isa = PBXFileReference; lastKnownFileType = sourcecode.swift; path = SceneDelegate.swift; sourceTree = "<group>"; };
		AAC540302A27220400604725 /* ViewController.swift */ = {isa = PBXFileReference; lastKnownFileType = sourcecode.swift; path = ViewController.swift; sourceTree = "<group>"; };
		AAC540332A27220400604725 /* Base */ = {isa = PBXFileReference; lastKnownFileType = file.storyboard; name = Base; path = Base.lproj/Main.storyboard; sourceTree = "<group>"; };
		AAC540352A27220500604725 /* Assets.xcassets */ = {isa = PBXFileReference; lastKnownFileType = folder.assetcatalog; path = Assets.xcassets; sourceTree = "<group>"; };
		AAC540382A27220500604725 /* Base */ = {isa = PBXFileReference; lastKnownFileType = file.storyboard; name = Base; path = Base.lproj/LaunchScreen.storyboard; sourceTree = "<group>"; };
		AAC5403A2A27220500604725 /* Info.plist */ = {isa = PBXFileReference; lastKnownFileType = text.plist.xml; path = Info.plist; sourceTree = "<group>"; };
		AAFB0CCE2A32FE0600CE45BE /* imageCollectionViewCell.swift */ = {isa = PBXFileReference; lastKnownFileType = sourcecode.swift; path = imageCollectionViewCell.swift; sourceTree = "<group>"; };
/* End PBXFileReference section */

/* Begin PBXFrameworksBuildPhase section */
		AAC540262A27220400604725 /* Frameworks */ = {
			isa = PBXFrameworksBuildPhase;
			buildActionMask = 2147483647;
			files = (
				AA5707C22A2EFA9B0074F081 /* DPOTPView in Frameworks */,
			);
			runOnlyForDeploymentPostprocessing = 0;
		};
/* End PBXFrameworksBuildPhase section */

/* Begin PBXGroup section */
		AAC540202A27220400604725 = {
			isa = PBXGroup;
			children = (
				AAFB0CCE2A32FE0600CE45BE /* imageCollectionViewCell.swift */,
				AA812DDB2A32E47400A7B839 /* CollectionViewCell2.swift */,
				AAA5A9DE2A31AD8700081510 /* familyDetailPage.swift */,
				AAA51DC62A30593700A7B672 /* registeringPage.swift */,
				AA5707C52A2F0BB00074F081 /* religionPage.swift */,
				AA59ACD82A2DB32000BE4D32 /* loginPage.swift */,
				AA59ACD62A2DA5B400BE4D32 /* googlePageTableView.swift */,
				AA97B6D32A28701E00ADAA3E /* emailpagepop.swift */,
				AA97B6D12A286ED400ADAA3E /* mobilePage.swift */,
				AAC5402B2A27220400604725 /* shaadi.com */,
				AAC5402A2A27220400604725 /* Products */,
			);
			sourceTree = "<group>";
		};
		AAC5402A2A27220400604725 /* Products */ = {
			isa = PBXGroup;
			children = (
				AAC540292A27220400604725 /* shaadi.com.app */,
			);
			name = Products;
			sourceTree = "<group>";
		};
		AAC5402B2A27220400604725 /* shaadi.com */ = {
			isa = PBXGroup;
			children = (
				AAC5402C2A27220400604725 /* AppDelegate.swift */,
				AAC5402E2A27220400604725 /* SceneDelegate.swift */,
				AAC540302A27220400604725 /* ViewController.swift */,
				AAC540322A27220400604725 /* Main.storyboard */,
				AA812DE52A32EEE200A7B839 /* TableView1.swift */,
				AA812DE12A32EC6300A7B839 /* MatchesPage.swift */,
				AA812DDF2A32EC4100A7B839 /* ChatPage.swift */,
				AA812DDD2A32EC2400A7B839 /* ProfilePageTabBar.swift */,
				AA1764D02A31C8EC007F40E7 /* CollectionViewCell1.swift */,
				AAA5A9E22A31C0D600081510 /* HomePage.swift */,
				AAA5A9E02A31B3AA00081510 /* tabBar.swift */,
				AAA5A9DC2A31A66500081510 /* galleryPage.swift */,
				AAA5A9DA2A319E0900081510 /* createProfilePage.swift */,
				AAA51DC42A304C0D00A7B672 /* EmailPage.swift */,
				AA5707C32A2EFC320074F081 /* profilePage.swift */,
				AA5707BC2A2EF3070074F081 /* genderTableViewCell.swift */,
				AAC540352A27220500604725 /* Assets.xcassets */,
				AAC540372A27220500604725 /* LaunchScreen.storyboard */,
				AAC5403A2A27220500604725 /* Info.plist */,
			);
			path = shaadi.com;
			sourceTree = "<group>";
		};
/* End PBXGroup section */

/* Begin PBXNativeTarget section */
		AAC540282A27220400604725 /* shaadi.com */ = {
			isa = PBXNativeTarget;
			buildConfigurationList = AAC5403D2A27220500604725 /* Build configuration list for PBXNativeTarget "shaadi.com" */;
			buildPhases = (
				AAC540252A27220400604725 /* Sources */,
				AAC540262A27220400604725 /* Frameworks */,
				AAC540272A27220400604725 /* Resources */,
			);
			buildRules = (
			);
			dependencies = (
			);
			name = shaadi.com;
			packageProductDependencies = (
				AA5707C12A2EFA9B0074F081 /* DPOTPView */,
			);
			productName = shaadi.com;
			productReference = AAC540292A27220400604725 /* shaadi.com.app */;
			productType = "com.apple.product-type.application";
		};
/* End PBXNativeTarget section */

/* Begin PBXProject section */
		AAC540212A27220400604725 /* Project object */ = {
			isa = PBXProject;
			attributes = {
				BuildIndependentTargetsInParallel = 1;
				LastSwiftUpdateCheck = 1430;
				LastUpgradeCheck = 1430;
				TargetAttributes = {
					AAC540282A27220400604725 = {
						CreatedOnToolsVersion = 14.3.1;
					};
				};
			};
			buildConfigurationList = AAC540242A27220400604725 /* Build configuration list for PBXProject "shaadi.com" */;
			compatibilityVersion = "Xcode 14.0";
			developmentRegion = en;
			hasScannedForEncodings = 0;
			knownRegions = (
				en,
				Base,
			);
			mainGroup = AAC540202A27220400604725;
			packageReferences = (
				AA5707C02A2EFA9B0074F081 /* XCRemoteSwiftPackageReference "DPOTPView" */,
			);
			productRefGroup = AAC5402A2A27220400604725 /* Products */;
			projectDirPath = "";
			projectRoot = "";
			targets = (
				AAC540282A27220400604725 /* shaadi.com */,
			);
		};
/* End PBXProject section */

/* Begin PBXResourcesBuildPhase section */
		AAC540272A27220400604725 /* Resources */ = {
			isa = PBXResourcesBuildPhase;
			buildActionMask = 2147483647;
			files = (
				AAC540392A27220500604725 /* LaunchScreen.storyboard in Resources */,
				AAC540362A27220500604725 /* Assets.xcassets in Resources */,
				AAC540342A27220400604725 /* Main.storyboard in Resources */,
			);
			runOnlyForDeploymentPostprocessing = 0;
		};
/* End PBXResourcesBuildPhase section */

/* Begin PBXSourcesBuildPhase section */
		AAC540252A27220400604725 /* Sources */ = {
			isa = PBXSourcesBuildPhase;
			buildActionMask = 2147483647;
			files = (
				AAA51DC72A30593700A7B672 /* registeringPage.swift in Sources */,
				AA5707BD2A2EF3070074F081 /* genderTableViewCell.swift in Sources */,
				AAFB0CCF2A32FE0600CE45BE /* imageCollectionViewCell.swift in Sources */,
				AAA5A9DF2A31AD8700081510 /* familyDetailPage.swift in Sources */,
				AAA5A9E12A31B3AA00081510 /* tabBar.swift in Sources */,
				AAA5A9E32A31C0D600081510 /* HomePage.swift in Sources */,
				AA59ACD92A2DB32000BE4D32 /* loginPage.swift in Sources */,
				AA812DDC2A32E47400A7B839 /* CollectionViewCell2.swift in Sources */,
				AAC540312A27220400604725 /* ViewController.swift in Sources */,
				AA812DE02A32EC4100A7B839 /* ChatPage.swift in Sources */,
				AA812DDE2A32EC2400A7B839 /* ProfilePageTabBar.swift in Sources */,
				AA59ACD72A2DA5B400BE4D32 /* googlePageTableView.swift in Sources */,
				AA1764D12A31C8EC007F40E7 /* CollectionViewCell1.swift in Sources */,
				AAA5A9DD2A31A66500081510 /* galleryPage.swift in Sources */,
				AAC5402D2A27220400604725 /* AppDelegate.swift in Sources */,
				AAA51DC52A304C0D00A7B672 /* EmailPage.swift in Sources */,
				AA812DE62A32EEE200A7B839 /* TableView1.swift in Sources */,
				AA5707C62A2F0BB00074F081 /* religionPage.swift in Sources */,
				AA812DE22A32EC6300A7B839 /* MatchesPage.swift in Sources */,
				AAA5A9DB2A319E0900081510 /* createProfilePage.swift in Sources */,
				AA97B6D42A28701E00ADAA3E /* emailpagepop.swift in Sources */,
				AA97B6D22A286ED400ADAA3E /* mobilePage.swift in Sources */,
				AA5707C42A2EFC320074F081 /* profilePage.swift in Sources */,
				AAC5402F2A27220400604725 /* SceneDelegate.swift in Sources */,
			);
			runOnlyForDeploymentPostprocessing = 0;
		};
/* End PBXSourcesBuildPhase section */

/* Begin PBXVariantGroup section */
		AAC540322A27220400604725 /* Main.storyboard */ = {
			isa = PBXVariantGroup;
			children = (
				AAC540332A27220400604725 /* Base */,
			);
			name = Main.storyboard;
			sourceTree = "<group>";
		};
		AAC540372A27220500604725 /* LaunchScreen.storyboard */ = {
			isa = PBXVariantGroup;
			children = (
				AAC540382A27220500604725 /* Base */,
			);
			name = LaunchScreen.storyboard;
			sourceTree = "<group>";
		};
/* End PBXVariantGroup section */

/* Begin XCBuildConfiguration section */
		AAC5403B2A27220500604725 /* Debug */ = {
			isa = XCBuildConfiguration;
			buildSettings = {
				ALWAYS_SEARCH_USER_PATHS = NO;
				CLANG_ANALYZER_NONNULL = YES;
				CLANG_ANALYZER_NUMBER_OBJECT_CONVERSION = YES_AGGRESSIVE;
				CLANG_CXX_LANGUAGE_STANDARD = "gnu++20";
				CLANG_ENABLE_MODULES = YES;
				CLANG_ENABLE_OBJC_ARC = YES;
				CLANG_ENABLE_OBJC_WEAK = YES;
				CLANG_WARN_BLOCK_CAPTURE_AUTORELEASING = YES;
				CLANG_WARN_BOOL_CONVERSION = YES;
				CLANG_WARN_COMMA = YES;
				CLANG_WARN_CONSTANT_CONVERSION = YES;
				CLANG_WARN_DEPRECATED_OBJC_IMPLEMENTATIONS = YES;
				CLANG_WARN_DIRECT_OBJC_ISA_USAGE = YES_ERROR;
				CLANG_WARN_DOCUMENTATION_COMMENTS = YES;
				CLANG_WARN_EMPTY_BODY = YES;
				CLANG_WARN_ENUM_CONVERSION = YES;
				CLANG_WARN_INFINITE_RECURSION = YES;
				CLANG_WARN_INT_CONVERSION = YES;
				CLANG_WARN_NON_LITERAL_NULL_CONVERSION = YES;
				CLANG_WARN_OBJC_IMPLICIT_RETAIN_SELF = YES;
				CLANG_WARN_OBJC_LITERAL_CONVERSION = YES;
				CLANG_WARN_OBJC_ROOT_CLASS = YES_ERROR;
				CLANG_WARN_QUOTED_INCLUDE_IN_FRAMEWORK_HEADER = YES;
				CLANG_WARN_RANGE_LOOP_ANALYSIS = YES;
				CLANG_WARN_STRICT_PROTOTYPES = YES;
				CLANG_WARN_SUSPICIOUS_MOVE = YES;
				CLANG_WARN_UNGUARDED_AVAILABILITY = YES_AGGRESSIVE;
				CLANG_WARN_UNREACHABLE_CODE = YES;
				CLANG_WARN__DUPLICATE_METHOD_MATCH = YES;
				COPY_PHASE_STRIP = NO;
				DEBUG_INFORMATION_FORMAT = dwarf;
				ENABLE_STRICT_OBJC_MSGSEND = YES;
				ENABLE_TESTABILITY = YES;
				GCC_C_LANGUAGE_STANDARD = gnu11;
				GCC_DYNAMIC_NO_PIC = NO;
				GCC_NO_COMMON_BLOCKS = YES;
				GCC_OPTIMIZATION_LEVEL = 0;
				GCC_PREPROCESSOR_DEFINITIONS = (
					"DEBUG=1",
					"$(inherited)",
				);
				GCC_WARN_64_TO_32_BIT_CONVERSION = YES;
				GCC_WARN_ABOUT_RETURN_TYPE = YES_ERROR;
				GCC_WARN_UNDECLARED_SELECTOR = YES;
				GCC_WARN_UNINITIALIZED_AUTOS = YES_AGGRESSIVE;
				GCC_WARN_UNUSED_FUNCTION = YES;
				GCC_WARN_UNUSED_VARIABLE = YES;
				IPHONEOS_DEPLOYMENT_TARGET = 16.4;
				MTL_ENABLE_DEBUG_INFO = INCLUDE_SOURCE;
				MTL_FAST_MATH = YES;
				ONLY_ACTIVE_ARCH = YES;
				SDKROOT = iphoneos;
				SWIFT_ACTIVE_COMPILATION_CONDITIONS = DEBUG;
				SWIFT_OPTIMIZATION_LEVEL = "-Onone";
			};
			name = Debug;
		};
		AAC5403C2A27220500604725 /* Release */ = {
			isa = XCBuildConfiguration;
			buildSettings = {
				ALWAYS_SEARCH_USER_PATHS = NO;
				CLANG_ANALYZER_NONNULL = YES;
				CLANG_ANALYZER_NUMBER_OBJECT_CONVERSION = YES_AGGRESSIVE;
				CLANG_CXX_LANGUAGE_STANDARD = "gnu++20";
				CLANG_ENABLE_MODULES = YES;
				CLANG_ENABLE_OBJC_ARC = YES;
				CLANG_ENABLE_OBJC_WEAK = YES;
				CLANG_WARN_BLOCK_CAPTURE_AUTORELEASING = YES;
				CLANG_WARN_BOOL_CONVERSION = YES;
				CLANG_WARN_COMMA = YES;
				CLANG_WARN_CONSTANT_CONVERSION = YES;
				CLANG_WARN_DEPRECATED_OBJC_IMPLEMENTATIONS = YES;
				CLANG_WARN_DIRECT_OBJC_ISA_USAGE = YES_ERROR;
				CLANG_WARN_DOCUMENTATION_COMMENTS = YES;
				CLANG_WARN_EMPTY_BODY = YES;
				CLANG_WARN_ENUM_CONVERSION = YES;
				CLANG_WARN_INFINITE_RECURSION = YES;
				CLANG_WARN_INT_CONVERSION = YES;
				CLANG_WARN_NON_LITERAL_NULL_CONVERSION = YES;
				CLANG_WARN_OBJC_IMPLICIT_RETAIN_SELF = YES;
				CLANG_WARN_OBJC_LITERAL_CONVERSION = YES;
				CLANG_WARN_OBJC_ROOT_CLASS = YES_ERROR;
				CLANG_WARN_QUOTED_INCLUDE_IN_FRAMEWORK_HEADER = YES;
				CLANG_WARN_RANGE_LOOP_ANALYSIS = YES;
				CLANG_WARN_STRICT_PROTOTYPES = YES;
				CLANG_WARN_SUSPICIOUS_MOVE = YES;
				CLANG_WARN_UNGUARDED_AVAILABILITY = YES_AGGRESSIVE;
				CLANG_WARN_UNREACHABLE_CODE = YES;
				CLANG_WARN__DUPLICATE_METHOD_MATCH = YES;
				COPY_PHASE_STRIP = NO;
				DEBUG_INFORMATION_FORMAT = "dwarf-with-dsym";
				ENABLE_NS_ASSERTIONS = NO;
				ENABLE_STRICT_OBJC_MSGSEND = YES;
				GCC_C_LANGUAGE_STANDARD = gnu11;
				GCC_NO_COMMON_BLOCKS = YES;
				GCC_WARN_64_TO_32_BIT_CONVERSION = YES;
				GCC_WARN_ABOUT_RETURN_TYPE = YES_ERROR;
				GCC_WARN_UNDECLARED_SELECTOR = YES;
				GCC_WARN_UNINITIALIZED_AUTOS = YES_AGGRESSIVE;
				GCC_WARN_UNUSED_FUNCTION = YES;
				GCC_WARN_UNUSED_VARIABLE = YES;
				IPHONEOS_DEPLOYMENT_TARGET = 16.4;
				MTL_ENABLE_DEBUG_INFO = NO;
				MTL_FAST_MATH = YES;
				SDKROOT = iphoneos;
				SWIFT_COMPILATION_MODE = wholemodule;
				SWIFT_OPTIMIZATION_LEVEL = "-O";
				VALIDATE_PRODUCT = YES;
			};
			name = Release;
		};
		AAC5403E2A27220500604725 /* Debug */ = {
			isa = XCBuildConfiguration;
			buildSettings = {
				ASSETCATALOG_COMPILER_APPICON_NAME = AppIcon;
				ASSETCATALOG_COMPILER_GLOBAL_ACCENT_COLOR_NAME = AccentColor;
				CODE_SIGN_STYLE = Automatic;
				CURRENT_PROJECT_VERSION = 1;
				GENERATE_INFOPLIST_FILE = YES;
				INFOPLIST_FILE = shaadi.com/Info.plist;
				INFOPLIST_KEY_UIApplicationSupportsIndirectInputEvents = YES;
				INFOPLIST_KEY_UILaunchStoryboardName = LaunchScreen;
				INFOPLIST_KEY_UIMainStoryboardFile = Main;
				INFOPLIST_KEY_UISupportedInterfaceOrientations_iPad = "UIInterfaceOrientationPortrait UIInterfaceOrientationPortraitUpsideDown UIInterfaceOrientationLandscapeLeft UIInterfaceOrientationLandscapeRight";
				INFOPLIST_KEY_UISupportedInterfaceOrientations_iPhone = "UIInterfaceOrientationPortrait UIInterfaceOrientationLandscapeLeft UIInterfaceOrientationLandscapeRight";
				LD_RUNPATH_SEARCH_PATHS = (
					"$(inherited)",
					"@executable_path/Frameworks",
				);
				MARKETING_VERSION = 1.0;
				PRODUCT_BUNDLE_IDENTIFIER = "shaadi.com.shaadi-com";
				PRODUCT_NAME = "$(TARGET_NAME)";
				SWIFT_EMIT_LOC_STRINGS = YES;
				SWIFT_VERSION = 5.0;
				TARGETED_DEVICE_FAMILY = "1,2";
			};
			name = Debug;
		};
		AAC5403F2A27220500604725 /* Release */ = {
			isa = XCBuildConfiguration;
			buildSettings = {
				ASSETCATALOG_COMPILER_APPICON_NAME = AppIcon;
				ASSETCATALOG_COMPILER_GLOBAL_ACCENT_COLOR_NAME = AccentColor;
				CODE_SIGN_STYLE = Automatic;
				CURRENT_PROJECT_VERSION = 1;
				GENERATE_INFOPLIST_FILE = YES;
				INFOPLIST_FILE = shaadi.com/Info.plist;
				INFOPLIST_KEY_UIApplicationSupportsIndirectInputEvents = YES;
				INFOPLIST_KEY_UILaunchStoryboardName = LaunchScreen;
				INFOPLIST_KEY_UIMainStoryboardFile = Main;
				INFOPLIST_KEY_UISupportedInterfaceOrientations_iPad = "UIInterfaceOrientationPortrait UIInterfaceOrientationPortraitUpsideDown UIInterfaceOrientationLandscapeLeft UIInterfaceOrientationLandscapeRight";
				INFOPLIST_KEY_UISupportedInterfaceOrientations_iPhone = "UIInterfaceOrientationPortrait UIInterfaceOrientationLandscapeLeft UIInterfaceOrientationLandscapeRight";
				LD_RUNPATH_SEARCH_PATHS = (
					"$(inherited)",
					"@executable_path/Frameworks",
				);
				MARKETING_VERSION = 1.0;
				PRODUCT_BUNDLE_IDENTIFIER = "shaadi.com.shaadi-com";
				PRODUCT_NAME = "$(TARGET_NAME)";
				SWIFT_EMIT_LOC_STRINGS = YES;
				SWIFT_VERSION = 5.0;
				TARGETED_DEVICE_FAMILY = "1,2";
			};
			name = Release;
		};
/* End XCBuildConfiguration section */

/* Begin XCConfigurationList section */
		AAC540242A27220400604725 /* Build configuration list for PBXProject "shaadi.com" */ = {
			isa = XCConfigurationList;
			buildConfigurations = (
				AAC5403B2A27220500604725 /* Debug */,
				AAC5403C2A27220500604725 /* Release */,
			);
			defaultConfigurationIsVisible = 0;
			defaultConfigurationName = Release;
		};
		AAC5403D2A27220500604725 /* Build configuration list for PBXNativeTarget "shaadi.com" */ = {
			isa = XCConfigurationList;
			buildConfigurations = (
				AAC5403E2A27220500604725 /* Debug */,
				AAC5403F2A27220500604725 /* Release */,
			);
			defaultConfigurationIsVisible = 0;
			defaultConfigurationName = Release;
		};
/* End XCConfigurationList section */

/* Begin XCRemoteSwiftPackageReference section */
		AA5707C02A2EFA9B0074F081 /* XCRemoteSwiftPackageReference "DPOTPView" */ = {
			isa = XCRemoteSwiftPackageReference;
			repositoryURL = "https://github.com/Datt1994/DPOTPView";
			requirement = {
				kind = upToNextMajorVersion;
				minimumVersion = 1.0.0;
			};
		};
/* End XCRemoteSwiftPackageReference section */

/* Begin XCSwiftPackageProductDependency section */
		AA5707C12A2EFA9B0074F081 /* DPOTPView */ = {
			isa = XCSwiftPackageProductDependency;
			package = AA5707C02A2EFA9B0074F081 /* XCRemoteSwiftPackageReference "DPOTPView" */;
			productName = DPOTPView;
		};
/* End XCSwiftPackageProductDependency section */
	};
	rootObject = AAC540212A27220400604725 /* Project object */;
}
